
Microsoft Visual Studio Solution File, Format Version 12.00
# Visual Studio Version 16
VisualStudioVersion = 16.0.31702.278
MinimumVisualStudioVersion = 10.0.40219.1
Project("{FAE04EC0-301F-11D3-BF4B-00C04F79EFBC}") = "Rechnungsverwaltung", "Rechnungsverwaltung.csproj", "{21ED625D-D6EA-4AF2-AD93-51051D46AAA2}"
EndProject
Global
	GlobalSection(SolutionConfigurationPlatforms) = preSolution
		Debug|Any CPU = Debug|Any CPU
		Release|Any CPU = Release|Any CPU
	EndGlobalSection
	GlobalSection(ProjectConfigurationPlatforms) = postSolution
		{21ED625D-D6EA-4AF2-AD93-51051D46AAA2}.Debug|Any CPU.ActiveCfg = Debug|Any CPU
		{21ED625D-D6EA-4AF2-AD93-51051D46AAA2}.Debug|Any CPU.Build.0 = Debug|Any CPU
		{21ED625D-D6EA-4AF2-AD93-51051D46AAA2}.Release|Any CPU.ActiveCfg = Release|Any CPU
		{21ED625D-D6EA-4AF2-AD93-51051D46AAA2}.Release|Any CPU.Build.0 = Release|Any CPU
	EndGlobalSection
	GlobalSection(SolutionProperties) = preSolution
		HideSolutionNode = FALSE
	EndGlobalSection
	GlobalSection(ExtensibilityGlobals) = postSolution
		SolutionGuid = {A6B7EC2E-2F87-48BF-B538-69F0B4905C47}
	EndGlobalSection
EndGlobal
